
Microsoft Visual Studio Solution File, Format Version 12.00
# Visual Studio Version 16
VisualStudioVersion = 16.0.31624.102
MinimumVisualStudioVersion = 10.0.40219.1
Project("{FAE04EC0-301F-11D3-BF4B-00C04F79EFBC}") = "GameHyperVisor", "GameHyperVisor\GameHyperVisor.csproj", "{D4BEF778-B339-4393-A8EE-08BC4D61DB1F}"
EndProject
Global
	GlobalSection(SolutionConfigurationPlatforms) = preSolution
		Debug|Any CPU = Debug|Any CPU
		Release|Any CPU = Release|Any CPU
	EndGlobalSection
	GlobalSection(ProjectConfigurationPlatforms) = postSolution
		{D4BEF778-B339-4393-A8EE-08BC4D61DB1F}.Debug|Any CPU.ActiveCfg = Debug|Any CPU
		{D4BEF778-B339-4393-A8EE-08BC4D61DB1F}.Debug|Any CPU.Build.0 = Debug|Any CPU
		{D4BEF778-B339-4393-A8EE-08BC4D61DB1F}.Release|Any CPU.ActiveCfg = Release|Any CPU
		{D4BEF778-B339-4393-A8EE-08BC4D61DB1F}.Release|Any CPU.Build.0 = Release|Any CPU
	EndGlobalSection
	GlobalSection(SolutionProperties) = preSolution
		HideSolutionNode = FALSE
	EndGlobalSection
	GlobalSection(ExtensibilityGlobals) = postSolution
		SolutionGuid = {1428C1B2-6935-4426-A8D7-ACC1F829D63E}
	EndGlobalSection
EndGlobal
